
Microsoft Visual Studio Solution File, Format Version 12.00
# Visual Studio Version 17
VisualStudioVersion = 17.8.34316.72
MinimumVisualStudioVersion = 10.0.40219.1
Project("{FAE04EC0-301F-11D3-BF4B-00C04F79EFBC}") = "Phone", "Phone\Phone.csproj", "{BEF132DA-FF2A-48AA-9E24-50E17CC1CD8A}"
EndProject
Global
	GlobalSection(SolutionConfigurationPlatforms) = preSolution
		Debug|Any CPU = Debug|Any CPU
		Release|Any CPU = Release|Any CPU
	EndGlobalSection
	GlobalSection(ProjectConfigurationPlatforms) = postSolution
		{BEF132DA-FF2A-48AA-9E24-50E17CC1CD8A}.Debug|Any CPU.ActiveCfg = Debug|Any CPU
		{BEF132DA-FF2A-48AA-9E24-50E17CC1CD8A}.Debug|Any CPU.Build.0 = Debug|Any CPU
		{BEF132DA-FF2A-48AA-9E24-50E17CC1CD8A}.Release|Any CPU.ActiveCfg = Release|Any CPU
		{BEF132DA-FF2A-48AA-9E24-50E17CC1CD8A}.Release|Any CPU.Build.0 = Release|Any CPU
	EndGlobalSection
	GlobalSection(SolutionProperties) = preSolution
		HideSolutionNode = FALSE
	EndGlobalSection
	GlobalSection(ExtensibilityGlobals) = postSolution
		SolutionGuid = {7B49B962-F622-4D97-BCE8-629D1BD9A53C}
	EndGlobalSection
EndGlobal
